
Microsoft Visual Studio Solution File, Format Version 12.00
# Visual Studio Version 17
VisualStudioVersion = 17.0.31903.59
MinimumVisualStudioVersion = 10.0.40219.1
Project("{2150E333-8FDC-42A3-9474-1A3956D46DE8}") = "src", "src", "{F6822A34-7C2B-44B6-8145-DCDE389A6BC6}"
EndProject
Project("{FAE04EC0-301F-11D3-BF4B-00C04F79EFBC}") = "Core", "src\Core\Core.csproj", "{EF8365DD-631F-4FF3-9FC8-E427E895C15F}"
EndProject
Project("{FAE04EC0-301F-11D3-BF4B-00C04F79EFBC}") = "Modem.Engine", "src\Modem.Engine\Modem.Engine.csproj", "{CD0CD738-DD21-424E-8D67-641AD3E3D953}"
EndProject
Project("{FAE04EC0-301F-11D3-BF4B-00C04F79EFBC}") = "Parser.Ksital", "src\Parser.Ksital\Parser.Ksital.csproj", "{146AADC0-989D-44C4-A7F0-68673AABB713}"
EndProject
Project("{FAE04EC0-301F-11D3-BF4B-00C04F79EFBC}") = "Service.Worker", "src\Service.Worker\Service.Worker.csproj", "{BA5F23E2-5E28-4318-8B57-E193F045EAA5}"
EndProject
Project("{FAE04EC0-301F-11D3-BF4B-00C04F79EFBC}") = "UI.Desktop", "src\UI.Desktop\UI.Desktop.csproj", "{CEF37746-DFEF-4B90-8CD8-3D4FAB509611}"
EndProject
Project("{FAE04EC0-301F-11D3-BF4B-00C04F79EFBC}") = "Storage.Sqlite", "src\Storage.Sqlite\Storage.Sqlite.csproj", "{4D6CCA7F-8B64-4595-93C1-1B569CC37D72}"
EndProject
Project("{2150E333-8FDC-42A3-9474-1A3956D46DE8}") = "tests", "tests", "{60F11AD2-BF3F-4226-9D41-ECB8F93B27D8}"
EndProject
Project("{FAE04EC0-301F-11D3-BF4B-00C04F79EFBC}") = "Modem.Engine.Tests", "tests\Modem.Engine.Tests\Modem.Engine.Tests.csproj", "{BE9BC56C-FA9C-4BDF-930C-C0B2B7F0B816}"
EndProject
Project("{FAE04EC0-301F-11D3-BF4B-00C04F79EFBC}") = "Parser.Ksital.Tests", "tests\Parser.Ksital.Tests\Parser.Ksital.Tests.csproj", "{084A625E-AAF1-4238-A28D-B734882056FE}"
EndProject
Project("{FAE04EC0-301F-11D3-BF4B-00C04F79EFBC}") = "Tools.Simulator", "src\Tools.Simulator\Tools.Simulator.csproj", "{6DC4773E-D3E2-4AED-B8B8-786FA275B8EE}"
EndProject
Project("{FAE04EC0-301F-11D3-BF4B-00C04F79EFBC}") = "Parser.Ccu825", "src\Parser.Ccu825\Parser.Ccu825.csproj", "{8C0C21C2-D2A9-4E13-8212-393AFB1F4C62}"
EndProject
Project("{FAE04EC0-301F-11D3-BF4B-00C04F79EFBC}") = "Parser.Ccu825.Tests", "tests\Parser.Ccu825.Tests\Parser.Ccu825.Tests.csproj", "{096FA10E-5F09-4663-8A2F-B9D503E5A0C7}"
EndProject
Project("{FAE04EC0-301F-11D3-BF4B-00C04F79EFBC}") = "Parser.Owen", "src\Parser.Owen\Parser.Owen.csproj", "{6DDC80A7-7959-4161-B1CB-FCBFA4DAF1C8}"
EndProject
Project("{FAE04EC0-301F-11D3-BF4B-00C04F79EFBC}") = "Parser.Owen.Tests", "tests\Parser.Owen.Tests\Parser.Owen.Tests.csproj", "{FD659C0C-130B-4837-83EF-E9C2963494CC}"
EndProject
Global
	GlobalSection(SolutionConfigurationPlatforms) = preSolution
		Debug|Any CPU = Debug|Any CPU
		Release|Any CPU = Release|Any CPU
	EndGlobalSection
	GlobalSection(SolutionProperties) = preSolution
		HideSolutionNode = FALSE
	EndGlobalSection
	GlobalSection(ProjectConfigurationPlatforms) = postSolution
		{EF8365DD-631F-4FF3-9FC8-E427E895C15F}.Debug|Any CPU.ActiveCfg = Debug|Any CPU
		{EF8365DD-631F-4FF3-9FC8-E427E895C15F}.Debug|Any CPU.Build.0 = Debug|Any CPU
		{EF8365DD-631F-4FF3-9FC8-E427E895C15F}.Release|Any CPU.ActiveCfg = Release|Any CPU
		{EF8365DD-631F-4FF3-9FC8-E427E895C15F}.Release|Any CPU.Build.0 = Release|Any CPU
		{CD0CD738-DD21-424E-8D67-641AD3E3D953}.Debug|Any CPU.ActiveCfg = Debug|Any CPU
		{CD0CD738-DD21-424E-8D67-641AD3E3D953}.Debug|Any CPU.Build.0 = Debug|Any CPU
		{CD0CD738-DD21-424E-8D67-641AD3E3D953}.Release|Any CPU.ActiveCfg = Release|Any CPU
		{CD0CD738-DD21-424E-8D67-641AD3E3D953}.Release|Any CPU.Build.0 = Release|Any CPU
		{146AADC0-989D-44C4-A7F0-68673AABB713}.Debug|Any CPU.ActiveCfg = Debug|Any CPU
		{146AADC0-989D-44C4-A7F0-68673AABB713}.Debug|Any CPU.Build.0 = Debug|Any CPU
		{146AADC0-989D-44C4-A7F0-68673AABB713}.Release|Any CPU.ActiveCfg = Release|Any CPU
		{146AADC0-989D-44C4-A7F0-68673AABB713}.Release|Any CPU.Build.0 = Release|Any CPU
		{BA5F23E2-5E28-4318-8B57-E193F045EAA5}.Debug|Any CPU.ActiveCfg = Debug|Any CPU
		{BA5F23E2-5E28-4318-8B57-E193F045EAA5}.Debug|Any CPU.Build.0 = Debug|Any CPU
		{BA5F23E2-5E28-4318-8B57-E193F045EAA5}.Release|Any CPU.ActiveCfg = Release|Any CPU
		{BA5F23E2-5E28-4318-8B57-E193F045EAA5}.Release|Any CPU.Build.0 = Release|Any CPU
		{CEF37746-DFEF-4B90-8CD8-3D4FAB509611}.Debug|Any CPU.ActiveCfg = Debug|Any CPU
		{CEF37746-DFEF-4B90-8CD8-3D4FAB509611}.Debug|Any CPU.Build.0 = Debug|Any CPU
		{CEF37746-DFEF-4B90-8CD8-3D4FAB509611}.Release|Any CPU.ActiveCfg = Release|Any CPU
		{CEF37746-DFEF-4B90-8CD8-3D4FAB509611}.Release|Any CPU.Build.0 = Release|Any CPU
		{4D6CCA7F-8B64-4595-93C1-1B569CC37D72}.Debug|Any CPU.ActiveCfg = Debug|Any CPU
		{4D6CCA7F-8B64-4595-93C1-1B569CC37D72}.Debug|Any CPU.Build.0 = Debug|Any CPU
		{4D6CCA7F-8B64-4595-93C1-1B569CC37D72}.Release|Any CPU.ActiveCfg = Release|Any CPU
		{4D6CCA7F-8B64-4595-93C1-1B569CC37D72}.Release|Any CPU.Build.0 = Release|Any CPU
		{BE9BC56C-FA9C-4BDF-930C-C0B2B7F0B816}.Debug|Any CPU.ActiveCfg = Debug|Any CPU
		{BE9BC56C-FA9C-4BDF-930C-C0B2B7F0B816}.Debug|Any CPU.Build.0 = Debug|Any CPU
		{BE9BC56C-FA9C-4BDF-930C-C0B2B7F0B816}.Release|Any CPU.ActiveCfg = Release|Any CPU
		{BE9BC56C-FA9C-4BDF-930C-C0B2B7F0B816}.Release|Any CPU.Build.0 = Release|Any CPU
		{084A625E-AAF1-4238-A28D-B734882056FE}.Debug|Any CPU.ActiveCfg = Debug|Any CPU
		{084A625E-AAF1-4238-A28D-B734882056FE}.Debug|Any CPU.Build.0 = Debug|Any CPU
		{084A625E-AAF1-4238-A28D-B734882056FE}.Release|Any CPU.ActiveCfg = Release|Any CPU
		{084A625E-AAF1-4238-A28D-B734882056FE}.Release|Any CPU.Build.0 = Release|Any CPU
		{6DC4773E-D3E2-4AED-B8B8-786FA275B8EE}.Debug|Any CPU.ActiveCfg = Debug|Any CPU
		{6DC4773E-D3E2-4AED-B8B8-786FA275B8EE}.Debug|Any CPU.Build.0 = Debug|Any CPU
		{6DC4773E-D3E2-4AED-B8B8-786FA275B8EE}.Release|Any CPU.ActiveCfg = Release|Any CPU
		{6DC4773E-D3E2-4AED-B8B8-786FA275B8EE}.Release|Any CPU.Build.0 = Release|Any CPU
		{8C0C21C2-D2A9-4E13-8212-393AFB1F4C62}.Debug|Any CPU.ActiveCfg = Debug|Any CPU
		{8C0C21C2-D2A9-4E13-8212-393AFB1F4C62}.Debug|Any CPU.Build.0 = Debug|Any CPU
		{8C0C21C2-D2A9-4E13-8212-393AFB1F4C62}.Release|Any CPU.ActiveCfg = Release|Any CPU
		{8C0C21C2-D2A9-4E13-8212-393AFB1F4C62}.Release|Any CPU.Build.0 = Release|Any CPU
		{096FA10E-5F09-4663-8A2F-B9D503E5A0C7}.Debug|Any CPU.ActiveCfg = Debug|Any CPU
		{096FA10E-5F09-4663-8A2F-B9D503E5A0C7}.Debug|Any CPU.Build.0 = Debug|Any CPU
		{096FA10E-5F09-4663-8A2F-B9D503E5A0C7}.Release|Any CPU.ActiveCfg = Release|Any CPU
		{096FA10E-5F09-4663-8A2F-B9D503E5A0C7}.Release|Any CPU.Build.0 = Release|Any CPU
		{6DDC80A7-7959-4161-B1CB-FCBFA4DAF1C8}.Debug|Any CPU.ActiveCfg = Debug|Any CPU
		{6DDC80A7-7959-4161-B1CB-FCBFA4DAF1C8}.Debug|Any CPU.Build.0 = Debug|Any CPU
		{6DDC80A7-7959-4161-B1CB-FCBFA4DAF1C8}.Release|Any CPU.ActiveCfg = Release|Any CPU
		{6DDC80A7-7959-4161-B1CB-FCBFA4DAF1C8}.Release|Any CPU.Build.0 = Release|Any CPU
		{FD659C0C-130B-4837-83EF-E9C2963494CC}.Debug|Any CPU.ActiveCfg = Debug|Any CPU
		{FD659C0C-130B-4837-83EF-E9C2963494CC}.Debug|Any CPU.Build.0 = Debug|Any CPU
		{FD659C0C-130B-4837-83EF-E9C2963494CC}.Release|Any CPU.ActiveCfg = Release|Any CPU
		{FD659C0C-130B-4837-83EF-E9C2963494CC}.Release|Any CPU.Build.0 = Release|Any CPU
	EndGlobalSection
	GlobalSection(NestedProjects) = preSolution
		{EF8365DD-631F-4FF3-9FC8-E427E895C15F} = {F6822A34-7C2B-44B6-8145-DCDE389A6BC6}
		{CD0CD738-DD21-424E-8D67-641AD3E3D953} = {F6822A34-7C2B-44B6-8145-DCDE389A6BC6}
		{146AADC0-989D-44C4-A7F0-68673AABB713} = {F6822A34-7C2B-44B6-8145-DCDE389A6BC6}
		{BA5F23E2-5E28-4318-8B57-E193F045EAA5} = {F6822A34-7C2B-44B6-8145-DCDE389A6BC6}
		{CEF37746-DFEF-4B90-8CD8-3D4FAB509611} = {F6822A34-7C2B-44B6-8145-DCDE389A6BC6}
		{4D6CCA7F-8B64-4595-93C1-1B569CC37D72} = {F6822A34-7C2B-44B6-8145-DCDE389A6BC6}
		{BE9BC56C-FA9C-4BDF-930C-C0B2B7F0B816} = {60F11AD2-BF3F-4226-9D41-ECB8F93B27D8}
		{084A625E-AAF1-4238-A28D-B734882056FE} = {60F11AD2-BF3F-4226-9D41-ECB8F93B27D8}
		{6DC4773E-D3E2-4AED-B8B8-786FA275B8EE} = {F6822A34-7C2B-44B6-8145-DCDE389A6BC6}
		{8C0C21C2-D2A9-4E13-8212-393AFB1F4C62} = {F6822A34-7C2B-44B6-8145-DCDE389A6BC6}
		{096FA10E-5F09-4663-8A2F-B9D503E5A0C7} = {60F11AD2-BF3F-4226-9D41-ECB8F93B27D8}
		{6DDC80A7-7959-4161-B1CB-FCBFA4DAF1C8} = {F6822A34-7C2B-44B6-8145-DCDE389A6BC6}
		{FD659C0C-130B-4837-83EF-E9C2963494CC} = {60F11AD2-BF3F-4226-9D41-ECB8F93B27D8}
	EndGlobalSection
EndGlobal
